{
  "nodes": {
    "base16-schemes": {
      "flake": false,
      "locked": {
        "lastModified": 1680729003,
        "narHash": "sha256-M9LHTL24/W4oqgbYRkz0B2qpNrkefTs98pfj3MxIXnU=",
        "owner": "tinted-theming",
        "repo": "base16-schemes",
        "rev": "dc048afa066287a719ddbab62b3e19e4b5110cf0",
        "type": "github"
      },
      "original": {
        "owner": "tinted-theming",
        "repo": "base16-schemes",
        "type": "github"
      }
    },
    "flake-compat": {
      "flake": false,
      "locked": {
        "lastModified": 1641205782,
        "narHash": "sha256-4jY7RCWUoZ9cKD8co0/4tFARpWB+57+r1bLLvXNJliY=",
        "owner": "edolstra",
        "repo": "flake-compat",
        "rev": "b7547d3eed6f32d06102ead8991ec52ab0a4f1a7",
        "type": "github"
      },
      "original": {
        "owner": "edolstra",
        "repo": "flake-compat",
        "type": "github"
      }
    },
    "flake-compat_2": {
      "flake": false,
      "locked": {
        "lastModified": 1641205782,
        "narHash": "sha256-4jY7RCWUoZ9cKD8co0/4tFARpWB+57+r1bLLvXNJliY=",
        "owner": "edolstra",
        "repo": "flake-compat",
        "rev": "b7547d3eed6f32d06102ead8991ec52ab0a4f1a7",
        "type": "github"
      },
      "original": {
        "owner": "edolstra",
        "repo": "flake-compat",
        "type": "github"
      }
    },
    "flake-utils": {
      "inputs": {
        "systems": "systems"
      },
      "locked": {
        "lastModified": 1689068808,
        "narHash": "sha256-6ixXo3wt24N/melDWjq70UuHQLxGV8jZvooRanIHXw0=",
        "owner": "numtide",
        "repo": "flake-utils",
        "rev": "919d646de7be200f3bf08cb76ae1f09402b6f9b4",
        "type": "github"
      },
      "original": {
        "owner": "numtide",
        "repo": "flake-utils",
        "type": "github"
      }
    },
    "flake-utils_2": {
      "locked": {
        "lastModified": 1644229661,
        "narHash": "sha256-1YdnJAsNy69bpcjuoKdOYQX0YxZBiCYZo4Twxerqv7k=",
        "owner": "numtide",
        "repo": "flake-utils",
        "rev": "3cecb5b042f7f209c56ffd8371b2711a290ec797",
        "type": "github"
      },
      "original": {
        "owner": "numtide",
        "repo": "flake-utils",
        "type": "github"
      }
    },
    "flake-utils_3": {
      "locked": {
        "lastModified": 1644229661,
        "narHash": "sha256-1YdnJAsNy69bpcjuoKdOYQX0YxZBiCYZo4Twxerqv7k=",
        "owner": "numtide",
        "repo": "flake-utils",
        "rev": "3cecb5b042f7f209c56ffd8371b2711a290ec797",
        "type": "github"
      },
      "original": {
        "owner": "numtide",
        "repo": "flake-utils",
        "type": "github"
      }
    },
    "home-manager": {
      "inputs": {
        "nixpkgs": [
          "nixpkgs"
        ]
      },
      "locked": {
        "lastModified": 1691998815,
        "narHash": "sha256-HuFgb+W1Dvd0mjjudpTf0hVg/YKKiMRpX14t7dJeTm8=",
        "owner": "nix-community",
        "repo": "home-manager",
        "rev": "da6874e8bb82204323b94154585a1471c739f73e",
        "type": "github"
      },
      "original": {
        "owner": "nix-community",
        "repo": "home-manager",
        "type": "github"
      }
    },
    "neorg": {
      "flake": false,
      "locked": {
        "lastModified": 1692029465,
        "narHash": "sha256-LdIhJfeqJ9RW96rgqnLy3bT/YhzfUx2FP2idmreApPU=",
        "owner": "nvim-neorg",
        "repo": "neorg",
        "rev": "f296a22864bbac0d94ad00fa18cc8231dbeaa1e3",
        "type": "github"
      },
      "original": {
        "owner": "nvim-neorg",
        "repo": "neorg",
        "type": "github"
      }
    },
    "neorg-overlay": {
      "inputs": {
        "flake-utils": "flake-utils",
        "neorg": "neorg",
        "neorg-telescope": "neorg-telescope",
        "nixpkgs": "nixpkgs",
        "norg": "norg",
        "norg-meta": "norg-meta"
      },
      "locked": {
        "lastModified": 1692080112,
        "narHash": "sha256-lMwJejv2qd8YASh/2+GJ6vdskGT+SaIkPkhCrcof5+s=",
        "owner": "nvim-neorg",
        "repo": "nixpkgs-neorg-overlay",
        "rev": "50bd4bae158b0f4b8fc6be80a7a877c7726d3f60",
        "type": "github"
      },
      "original": {
        "owner": "nvim-neorg",
        "repo": "nixpkgs-neorg-overlay",
        "type": "github"
      }
    },
    "neorg-telescope": {
      "flake": false,
      "locked": {
        "lastModified": 1691319998,
        "narHash": "sha256-jVfpSWPjSSbbsQns8n7TaAiSJLZ9EPEYVl8mibKH8Mw=",
        "owner": "nvim-neorg",
        "repo": "neorg-telescope",
        "rev": "1310d4aaefd8149c9839bbe1d5610e94389e2f0e",
        "type": "github"
      },
      "original": {
        "owner": "nvim-neorg",
        "repo": "neorg-telescope",
        "type": "github"
      }
    },
    "nix-colors": {
      "inputs": {
        "base16-schemes": "base16-schemes",
        "nixpkgs-lib": "nixpkgs-lib"
      },
      "locked": {
        "lastModified": 1682108218,
        "narHash": "sha256-tMr7BbxualFQlN+XopS8rMMgf2XR9ZfRuwIZtjsWmfI=",
        "owner": "misterio77",
        "repo": "nix-colors",
        "rev": "b92df8f5eb1fa20d8e09810c03c9dc0d94ef2820",
        "type": "github"
      },
      "original": {
        "owner": "misterio77",
        "repo": "nix-colors",
        "type": "github"
      }
    },
    "nixpkgs": {
      "locked": {
        "lastModified": 1692039634,
        "narHash": "sha256-L5ISasJZ5lZFOJ9NdxNj7cdrfO4GYv3tKGrv3eNMVJc=",
        "owner": "NixOS",
        "repo": "nixpkgs",
        "rev": "b392b28a47d2103ac422197fde95449651aee458",
        "type": "github"
      },
      "original": {
        "owner": "NixOS",
        "ref": "nixpkgs-unstable",
        "repo": "nixpkgs",
        "type": "github"
      }
    },
    "nixpkgs-lib": {
      "locked": {
        "lastModified": 1680397293,
        "narHash": "sha256-wBpJ73+tJ8fZSWb4tzNbAVahC4HSo2QG3nICDy4ExBQ=",
        "owner": "nix-community",
        "repo": "nixpkgs.lib",
        "rev": "b18d328214ca3c627d3cc3f51fd9d1397fdbcd7a",
        "type": "github"
      },
      "original": {
        "owner": "nix-community",
        "repo": "nixpkgs.lib",
        "type": "github"
      }
    },
    "nixpkgs_2": {
      "locked": {
        "lastModified": 1644486793,
        "narHash": "sha256-EeijR4guVHgVv+JpOX3cQO+1XdrkJfGmiJ9XVsVU530=",
        "owner": "NixOS",
        "repo": "nixpkgs",
        "rev": "1882c6b7368fd284ad01b0a5b5601ef136321292",
        "type": "github"
      },
      "original": {
        "owner": "NixOS",
        "ref": "nixpkgs-unstable",
        "repo": "nixpkgs",
        "type": "github"
      }
    },
    "nixpkgs_3": {
      "locked": {
        "lastModified": 1644486793,
        "narHash": "sha256-EeijR4guVHgVv+JpOX3cQO+1XdrkJfGmiJ9XVsVU530=",
        "owner": "NixOS",
        "repo": "nixpkgs",
        "rev": "1882c6b7368fd284ad01b0a5b5601ef136321292",
        "type": "github"
      },
      "original": {
        "owner": "NixOS",
        "ref": "nixpkgs-unstable",
        "repo": "nixpkgs",
        "type": "github"
      }
    },
    "nixpkgs_4": {
      "locked": {
        "lastModified": 1691899779,
        "narHash": "sha256-IBf4KVr/UQJlzrqB2/IHtlvmwsvyIVLPerSzCPU/6Xk=",
        "owner": "nixos",
        "repo": "nixpkgs",
        "rev": "100a1550b0e7a64b960c625b656f9229bdef5f87",
        "type": "github"
      },
      "original": {
        "owner": "nixos",
        "ref": "nixos-unstable",
        "repo": "nixpkgs",
        "type": "github"
      }
    },
    "norg": {
      "inputs": {
        "flake-compat": "flake-compat",
        "flake-utils": "flake-utils_2",
        "nixpkgs": "nixpkgs_2"
      },
      "locked": {
        "lastModified": 1672582520,
        "narHash": "sha256-kv3UiJUqMSF1qd3r4OCWomVTHTYjwX/EBRWm8mOSdwg=",
        "owner": "nvim-neorg",
        "repo": "tree-sitter-norg",
        "rev": "d7a466e182a532065a559dbfc7a847271d5e9c29",
        "type": "github"
      },
      "original": {
        "owner": "nvim-neorg",
        "ref": "dev",
        "repo": "tree-sitter-norg",
        "type": "github"
      }
    },
    "norg-meta": {
      "inputs": {
        "flake-compat": "flake-compat_2",
        "flake-utils": "flake-utils_3",
        "nixpkgs": "nixpkgs_3"
      },
      "locked": {
        "lastModified": 1685293302,
        "narHash": "sha256-7tCmYem8vpgG+9HM92cbQH1r+h+iRDf7wfrxQGoadO8=",
        "owner": "nvim-neorg",
        "repo": "tree-sitter-norg-meta",
        "rev": "a479d1ca05848d0b51dd25bc9f71a17e0108b240",
        "type": "github"
      },
      "original": {
        "owner": "nvim-neorg",
        "repo": "tree-sitter-norg-meta",
        "type": "github"
      }
    },
    "root": {
      "inputs": {
        "home-manager": "home-manager",
        "neorg-overlay": "neorg-overlay",
        "nix-colors": "nix-colors",
        "nixpkgs": "nixpkgs_4"
      }
    },
    "systems": {
      "locked": {
        "lastModified": 1681028828,
        "narHash": "sha256-Vy1rq5AaRuLzOxct8nz4T6wlgyUR7zLU309k9mBC768=",
        "owner": "nix-systems",
        "repo": "default",
        "rev": "da67096a3b9bf56a91d16901293e51ba5b49a27e",
        "type": "github"
      },
      "original": {
        "owner": "nix-systems",
        "repo": "default",
        "type": "github"
      }
    }
  },
  "root": "root",
  "version": 7
}
